
Microsoft Visual Studio Solution File, Format Version 12.00
# Visual Studio 14
VisualStudioVersion = 14.0.24720.0
MinimumVisualStudioVersion = 10.0.40219.1
Project("{E24C65DC-7377-472B-9ABA-BC803B73C61A}") = "MovieFinder.Web", "MovieFinder.Web\", "{4A29ED41-87C8-4CF3-A35D-ACD345284FE8}"
	ProjectSection(WebsiteProperties) = preProject
		TargetFrameworkMoniker = ".NETFramework,Version%3Dv4.5.2"
		Debug.AspNetCompiler.VirtualPath = "/localhost_51922"
		Debug.AspNetCompiler.PhysicalPath = "MovieFinder.Web\"
		Debug.AspNetCompiler.TargetPath = "PrecompiledWeb\localhost_51922\"
		Debug.AspNetCompiler.Updateable = "true"
		Debug.AspNetCompiler.ForceOverwrite = "true"
		Debug.AspNetCompiler.FixedNames = "false"
		Debug.AspNetCompiler.Debug = "True"
		Release.AspNetCompiler.VirtualPath = "/localhost_51922"
		Release.AspNetCompiler.PhysicalPath = "MovieFinder.Web\"
		Release.AspNetCompiler.TargetPath = "PrecompiledWeb\localhost_51922\"
		Release.AspNetCompiler.Updateable = "true"
		Release.AspNetCompiler.ForceOverwrite = "true"
		Release.AspNetCompiler.FixedNames = "false"
		Release.AspNetCompiler.Debug = "False"
		VWDPort = "51922"
		SlnRelativePath = "MovieFinder.Web\"
		DefaultWebSiteLanguage = "Visual C#"
	EndProjectSection
EndProject
Global
	GlobalSection(SolutionConfigurationPlatforms) = preSolution
		Debug|Any CPU = Debug|Any CPU
	EndGlobalSection
	GlobalSection(ProjectConfigurationPlatforms) = postSolution
		{4A29ED41-87C8-4CF3-A35D-ACD345284FE8}.Debug|Any CPU.ActiveCfg = Debug|Any CPU
		{4A29ED41-87C8-4CF3-A35D-ACD345284FE8}.Debug|Any CPU.Build.0 = Debug|Any CPU
	EndGlobalSection
	GlobalSection(SolutionProperties) = preSolution
		HideSolutionNode = FALSE
	EndGlobalSection
EndGlobal
